
Microsoft Visual Studio Solution File, Format Version 12.00
# Visual Studio Version 16
VisualStudioVersion = 16.0.810.25
MinimumVisualStudioVersion = 10.0.40219.1
Project("{FAE04EC0-301F-11D3-BF4B-00C04F79EFBC}") = "ProxChat", "ProxChat.csproj", "{2034BD34-1179-430E-B38B-F8C01368600B}"
EndProject
Global
	GlobalSection(SolutionConfigurationPlatforms) = preSolution
		Debug|Any CPU = Debug|Any CPU
		Release|Any CPU = Release|Any CPU
	EndGlobalSection
	GlobalSection(ProjectConfigurationPlatforms) = postSolution
		{2034BD34-1179-430E-B38B-F8C01368600B}.Debug|Any CPU.ActiveCfg = Debug|Any CPU
		{2034BD34-1179-430E-B38B-F8C01368600B}.Debug|Any CPU.Build.0 = Debug|Any CPU
		{2034BD34-1179-430E-B38B-F8C01368600B}.Release|Any CPU.ActiveCfg = Release|Any CPU
		{2034BD34-1179-430E-B38B-F8C01368600B}.Release|Any CPU.Build.0 = Release|Any CPU
	EndGlobalSection
	GlobalSection(SolutionProperties) = preSolution
		HideSolutionNode = FALSE
	EndGlobalSection
	GlobalSection(ExtensibilityGlobals) = postSolution
		SolutionGuid = {F7620B39-D983-44B1-B932-9FC943AB188C}
	EndGlobalSection
EndGlobal
